
Microsoft Visual Studio Solution File, Format Version 12.00
# Visual Studio Version 16
VisualStudioVersion = 16.0.31112.23
MinimumVisualStudioVersion = 10.0.40219.1
Project("{FAE04EC0-301F-11D3-BF4B-00C04F79EFBC}") = "LinnworksCSVBackend", "LinnworksCSVBackend\LinnworksCSVBackend.csproj", "{B8ED5C0F-C42D-436B-A775-7E17B69FF893}"
EndProject
Global
	GlobalSection(SolutionConfigurationPlatforms) = preSolution
		Debug|Any CPU = Debug|Any CPU
		Release|Any CPU = Release|Any CPU
	EndGlobalSection
	GlobalSection(ProjectConfigurationPlatforms) = postSolution
		{B8ED5C0F-C42D-436B-A775-7E17B69FF893}.Debug|Any CPU.ActiveCfg = Debug|Any CPU
		{B8ED5C0F-C42D-436B-A775-7E17B69FF893}.Debug|Any CPU.Build.0 = Debug|Any CPU
		{B8ED5C0F-C42D-436B-A775-7E17B69FF893}.Release|Any CPU.ActiveCfg = Release|Any CPU
		{B8ED5C0F-C42D-436B-A775-7E17B69FF893}.Release|Any CPU.Build.0 = Release|Any CPU
	EndGlobalSection
	GlobalSection(SolutionProperties) = preSolution
		HideSolutionNode = FALSE
	EndGlobalSection
	GlobalSection(ExtensibilityGlobals) = postSolution
		SolutionGuid = {33F8A001-2A6E-49D8-95AE-3C61AF2681AF}
	EndGlobalSection
EndGlobal
